
Microsoft Visual Studio Solution File, Format Version 12.00
# Visual Studio Version 16
VisualStudioVersion = 16.0.30907.101
MinimumVisualStudioVersion = 10.0.40219.1
Project("{9A19103F-16F7-4668-BE54-9A1E7A4F7556}") = "Calculator", "Calculator\Calculator.csproj", "{56FA2F70-A234-46B1-84A2-2CD1BA109883}"
EndProject
Project("{FAE04EC0-301F-11D3-BF4B-00C04F79EFBC}") = "CalculatorLibrary", "CalculatorLibrary\CalculatorLibrary.csproj", "{07449DC0-7F8A-4E70-86CB-8455A96C00EE}"
EndProject
Global
	GlobalSection(SolutionConfigurationPlatforms) = preSolution
		Debug|Any CPU = Debug|Any CPU
		Release|Any CPU = Release|Any CPU
	EndGlobalSection
	GlobalSection(ProjectConfigurationPlatforms) = postSolution
		{56FA2F70-A234-46B1-84A2-2CD1BA109883}.Debug|Any CPU.ActiveCfg = Debug|Any CPU
		{56FA2F70-A234-46B1-84A2-2CD1BA109883}.Debug|Any CPU.Build.0 = Debug|Any CPU
		{56FA2F70-A234-46B1-84A2-2CD1BA109883}.Release|Any CPU.ActiveCfg = Release|Any CPU
		{56FA2F70-A234-46B1-84A2-2CD1BA109883}.Release|Any CPU.Build.0 = Release|Any CPU
		{07449DC0-7F8A-4E70-86CB-8455A96C00EE}.Debug|Any CPU.ActiveCfg = Debug|Any CPU
		{07449DC0-7F8A-4E70-86CB-8455A96C00EE}.Debug|Any CPU.Build.0 = Debug|Any CPU
		{07449DC0-7F8A-4E70-86CB-8455A96C00EE}.Release|Any CPU.ActiveCfg = Release|Any CPU
		{07449DC0-7F8A-4E70-86CB-8455A96C00EE}.Release|Any CPU.Build.0 = Release|Any CPU
	EndGlobalSection
	GlobalSection(SolutionProperties) = preSolution
		HideSolutionNode = FALSE
	EndGlobalSection
	GlobalSection(ExtensibilityGlobals) = postSolution
		SolutionGuid = {08CE7EF2-67BC-4482-A33D-C4EE1248D35C}
	EndGlobalSection
EndGlobal
